
Microsoft Visual Studio Solution File, Format Version 12.00
# Visual Studio 14
VisualStudioVersion = 14.0.24720.0
MinimumVisualStudioVersion = 10.0.40219.1
Project("{FAE04EC0-301F-11D3-BF4B-00C04F79EFBC}") = "DevTube", "DevTube\DevTube.csproj", "{FED31405-0C0F-479C-B1FC-DF22189C37F7}"
EndProject
Project("{FAE04EC0-301F-11D3-BF4B-00C04F79EFBC}") = "DevTube.Data", "DevTube.Data\DevTube.Data.csproj", "{4F92347B-4684-4C9B-9D4D-A17EDFA0316F}"
EndProject
Project("{FAE04EC0-301F-11D3-BF4B-00C04F79EFBC}") = "DevTube.Api", "DevTube.Api\DevTube.Api.csproj", "{54D6CDFC-B47E-4A59-9F13-FAA0F3B1BBC4}"
EndProject
Project("{FAE04EC0-301F-11D3-BF4B-00C04F79EFBC}") = "DevTube.Business", "DevTube.Business\DevTube.Business.csproj", "{4F84FD2A-0760-4E6C-A260-C0BFB67A6D73}"
EndProject
Project("{FAE04EC0-301F-11D3-BF4B-00C04F79EFBC}") = "DevTube.Indexer", "DevTube.Indexer\DevTube.Indexer.csproj", "{8802EA0D-C41D-4A22-978F-30F6ACEA4476}"
EndProject
Global
	GlobalSection(SolutionConfigurationPlatforms) = preSolution
		Debug|Any CPU = Debug|Any CPU
		Release|Any CPU = Release|Any CPU
	EndGlobalSection
	GlobalSection(ProjectConfigurationPlatforms) = postSolution
		{FED31405-0C0F-479C-B1FC-DF22189C37F7}.Debug|Any CPU.ActiveCfg = Debug|Any CPU
		{FED31405-0C0F-479C-B1FC-DF22189C37F7}.Debug|Any CPU.Build.0 = Debug|Any CPU
		{FED31405-0C0F-479C-B1FC-DF22189C37F7}.Release|Any CPU.ActiveCfg = Release|Any CPU
		{FED31405-0C0F-479C-B1FC-DF22189C37F7}.Release|Any CPU.Build.0 = Release|Any CPU
		{4F92347B-4684-4C9B-9D4D-A17EDFA0316F}.Debug|Any CPU.ActiveCfg = Debug|Any CPU
		{4F92347B-4684-4C9B-9D4D-A17EDFA0316F}.Debug|Any CPU.Build.0 = Debug|Any CPU
		{4F92347B-4684-4C9B-9D4D-A17EDFA0316F}.Release|Any CPU.ActiveCfg = Release|Any CPU
		{4F92347B-4684-4C9B-9D4D-A17EDFA0316F}.Release|Any CPU.Build.0 = Release|Any CPU
		{54D6CDFC-B47E-4A59-9F13-FAA0F3B1BBC4}.Debug|Any CPU.ActiveCfg = Debug|Any CPU
		{54D6CDFC-B47E-4A59-9F13-FAA0F3B1BBC4}.Debug|Any CPU.Build.0 = Debug|Any CPU
		{54D6CDFC-B47E-4A59-9F13-FAA0F3B1BBC4}.Release|Any CPU.ActiveCfg = Release|Any CPU
		{54D6CDFC-B47E-4A59-9F13-FAA0F3B1BBC4}.Release|Any CPU.Build.0 = Release|Any CPU
		{4F84FD2A-0760-4E6C-A260-C0BFB67A6D73}.Debug|Any CPU.ActiveCfg = Debug|Any CPU
		{4F84FD2A-0760-4E6C-A260-C0BFB67A6D73}.Debug|Any CPU.Build.0 = Debug|Any CPU
		{4F84FD2A-0760-4E6C-A260-C0BFB67A6D73}.Release|Any CPU.ActiveCfg = Release|Any CPU
		{4F84FD2A-0760-4E6C-A260-C0BFB67A6D73}.Release|Any CPU.Build.0 = Release|Any CPU
		{8802EA0D-C41D-4A22-978F-30F6ACEA4476}.Debug|Any CPU.ActiveCfg = Debug|Any CPU
		{8802EA0D-C41D-4A22-978F-30F6ACEA4476}.Debug|Any CPU.Build.0 = Debug|Any CPU
		{8802EA0D-C41D-4A22-978F-30F6ACEA4476}.Release|Any CPU.ActiveCfg = Release|Any CPU
		{8802EA0D-C41D-4A22-978F-30F6ACEA4476}.Release|Any CPU.Build.0 = Release|Any CPU
	EndGlobalSection
	GlobalSection(SolutionProperties) = preSolution
		HideSolutionNode = FALSE
	EndGlobalSection
EndGlobal
